# This is an Anaconda project lock file.
# The lock file locks down exact versions of all your dependencies.
#
# In most cases, this file is automatically maintained by the `anaconda-project` command or GUI tools.
# It's best to keep this file in revision control (such as git or svn).
# The file is in YAML format, please see http://www.yaml.org/start.html for more.
#

#
# Set to false to ignore locked versions.
#
locking_enabled: true

#
# A key goes in here for each env spec.
#
env_specs:
  default:
    locked: true
    env_spec_hash: d11d21a1d5b74a25ad305e547b3aa314a0355abb
    platforms:
    - linux-64
    - osx-64
    - osx-arm64
    - win-64
    packages:
      all:
      - accessible-pygments=0.0.5=pyhd8ed1ab_1
      - alabaster=1.0.0=pyhd8ed1ab_1
      - anyio=4.12.1=pyhcf101f3_0
      - argon2-cffi=25.1.0=pyhd8ed1ab_0
      - arrow=1.4.0=pyhcf101f3_0
      - asttokens=3.0.1=pyhd8ed1ab_0
      - async-lru=2.0.5=pyh29332c3_0
      - attrs=25.4.0=pyhcf101f3_1
      - babel=2.17.0=pyhd8ed1ab_0
      - beautifulsoup4=4.14.3=pyha770c72_0
      - bleach-with-css=6.3.0=h5f6438b_0
      - bleach=6.3.0=pyhcf101f3_0
      - bokeh=3.4.2=pyhd8ed1ab_0
      - cached-property=1.5.2=hd8ed1ab_1
      - cached_property=1.5.2=pyha770c72_1
      - certifi=2026.1.4=pyhd8ed1ab_0
      - charset-normalizer=3.4.4=pyhd8ed1ab_0
      - cloudpickle=3.1.2=pyhcf101f3_1
      - colorama=0.4.6=pyhd8ed1ab_1
      - colorcet=3.1.0=pyhd8ed1ab_1
      - comm=0.2.3=pyhe01879c_0
      - cycler=0.12.1=pyhcf101f3_2
      - dask-core=2024.12.1=pyhd8ed1ab_0
      - dask-expr=1.1.21=pyhd8ed1ab_0
      - dask=2024.12.1=pyhd8ed1ab_0
      - datashader=0.18.2=pyhd8ed1ab_0
      - decorator=5.2.1=pyhd8ed1ab_0
      - defusedxml=0.7.1=pyhd8ed1ab_0
      - distributed=2024.12.1=pyhd8ed1ab_0
      - docutils=0.21.2=pyhd8ed1ab_1
      - exceptiongroup=1.3.1=pyhd8ed1ab_0
      - executing=2.2.1=pyhd8ed1ab_0
      - fqdn=1.5.1=pyhd8ed1ab_1
      - fsspec=2026.1.0=pyhd8ed1ab_0
      - h11=0.16.0=pyhcf101f3_1
      - h2=4.3.0=pyhcf101f3_0
      - holoviews=1.22.1=pyhd8ed1ab_0
      - hpack=4.1.0=pyhd8ed1ab_0
      - httpcore=1.0.9=pyh29332c3_0
      - httpx=0.28.1=pyhd8ed1ab_0
      - hvplot=0.12.2=pyhd8ed1ab_0
      - hyperframe=6.1.0=pyhd8ed1ab_0
      - idna=3.11=pyhd8ed1ab_0
      - imagesize=1.4.1=pyhd8ed1ab_0
      - importlib-metadata=8.7.0=pyhe01879c_1
      - importlib_resources=6.5.2=pyhd8ed1ab_0
      - iniconfig=2.3.0=pyhd8ed1ab_0
      - ipympl=0.9.8=pyhcf101f3_0
      - ipywidgets=8.1.8=pyhd8ed1ab_0
      - isoduration=20.11.0=pyhd8ed1ab_1
      - jedi=0.19.2=pyhd8ed1ab_1
      - jinja2=3.1.6=pyhcf101f3_1
      - json5=0.13.0=pyhd8ed1ab_0
      - jsonpointer=3.0.0=pyhcf101f3_3
      - jsonschema-specifications=2025.9.1=pyhcf101f3_0
      - jupyter-cache=1.0.1=pyhff2d567_0
      - jupyter-lsp=2.3.0=pyhcf101f3_0
      - jupyter_client=8.8.0=pyhcf101f3_0
      - jupyter_events=0.12.0=pyh29332c3_0
      - jupyter_server=2.17.0=pyhcf101f3_0
      - jupyter_server_terminals=0.5.3=pyhd8ed1ab_1
      - jupyterlab=4.5.2=pyhd8ed1ab_0
      - jupyterlab_pygments=0.3.0=pyhd8ed1ab_2
      - jupyterlab_server=2.28.0=pyhcf101f3_0
      - jupyterlab_widgets=3.0.16=pyhcf101f3_1
      - lark=1.3.1=pyhd8ed1ab_0
      - linkify-it-py=2.0.3=pyhd8ed1ab_1
      - locket=1.0.0=pyhd8ed1ab_0
      - markdown-it-py=3.0.0=pyhd8ed1ab_1
      - markdown=3.10=pyhcf101f3_1
      - matplotlib-inline=0.2.1=pyhd8ed1ab_0
      - mdit-py-plugins=0.5.0=pyhd8ed1ab_0
      - mdurl=0.1.2=pyhd8ed1ab_1
      - mistune=3.2.0=pyhcf101f3_0
      - multipledispatch=0.6.0=pyhd8ed1ab_1
      - munkres=1.1.4=pyhd8ed1ab_1
      - myst-nb=1.3.0=pyhe01879c_0
      - myst-parser=4.0.1=pyhd8ed1ab_0
      - narwhals=2.15.0=pyhcf101f3_0
      - nbclient=0.10.4=pyhd8ed1ab_0
      - nbconvert-core=7.16.6=pyhcf101f3_1
      - nbconvert-pandoc=7.16.6=h7d6f222_1
      - nbconvert=7.16.6=hc388f54_1
      - nbformat=5.10.4=pyhd8ed1ab_1
      - nbsite=0.8.7=py_0
      - nbsmoke=0.5.0=pyh9f0ad1d_0
      - nest-asyncio=1.6.0=pyhd8ed1ab_1
      - notebook-shim=0.2.4=pyhd8ed1ab_1
      - notebook=7.5.1=pyhcf101f3_0
      - overrides=7.7.0=pyhd8ed1ab_1
      - packaging=25.0=pyh29332c3_1
      - pandocfilters=1.5.0=pyhd8ed1ab_0
      - panel=1.4.5=pyhd8ed1ab_0
      - param=2.3.1=pyhc455866_0
      - parso=0.8.5=pyhcf101f3_0
      - partd=1.4.2=pyhd8ed1ab_0
      - pickleshare=0.7.5=pyhd8ed1ab_1004
      - pip=25.3=pyh8b19718_0
      - platformdirs=4.5.1=pyhcf101f3_0
      - plotly=6.5.1=pyhd8ed1ab_0
      - pluggy=1.6.0=pyhf9edf01_1
      - prometheus_client=0.23.1=pyhd8ed1ab_0
      - prompt-toolkit=3.0.52=pyha770c72_0
      - pure_eval=0.2.3=pyhd8ed1ab_1
      - pycparser=2.22=pyh29332c3_1
      - pyct=0.6.0=pyhd8ed1ab_0
      - pydata-sphinx-theme=0.15.4=pyhd8ed1ab_0
      - pyflakes=3.4.0=pyhd8ed1ab_0
      - pygments=2.19.2=pyhd8ed1ab_0
      - pyparsing=3.3.1=pyhcf101f3_0
      - pytest=9.0.2=pyhcf101f3_0
      - python-dateutil=2.9.0.post0=pyhe01879c_2
      - python-fastjsonschema=2.21.2=pyhe01879c_0
      - python-json-logger=2.0.7=pyhd8ed1ab_0
      - python-tzdata=2025.3=pyhd8ed1ab_0
      - python_abi=3.10=8_cp310
      - pytz=2025.2=pyhd8ed1ab_0
      - pyviz_comms=3.0.6=pyhd8ed1ab_0
      - referencing=0.37.0=pyhcf101f3_0
      - requests=2.32.5=pyhcf101f3_1
      - rfc3339-validator=0.1.4=pyhd8ed1ab_1
      - rfc3986-validator=0.1.1=pyh9f0ad1d_0
      - rfc3987-syntax=1.1.0=pyhe01879c_1
      - setuptools=80.9.0=pyhff2d567_0
      - six=1.17.0=pyhe01879c_1
      - sniffio=1.3.1=pyhd8ed1ab_2
      - snowballstemmer=3.0.1=pyhd8ed1ab_0
      - sortedcontainers=2.4.0=pyhd8ed1ab_1
      - soupsieve=2.8.1=pyhd8ed1ab_0
      - sphinx-copybutton=0.5.2=pyhd8ed1ab_1
      - sphinx-design=0.6.1=pyhd8ed1ab_2
      - sphinx=8.1.3=pyhd8ed1ab_1
      - sphinxcontrib-applehelp=2.0.0=pyhd8ed1ab_1
      - sphinxcontrib-devhelp=2.0.0=pyhd8ed1ab_1
      - sphinxcontrib-htmlhelp=2.1.0=pyhd8ed1ab_1
      - sphinxcontrib-jsmath=1.0.1=pyhd8ed1ab_1
      - sphinxcontrib-qthelp=2.0.0=pyhd8ed1ab_1
      - sphinxcontrib-serializinghtml=1.1.10=pyhd8ed1ab_1
      - sphinxext-rediraffe=0.3.0=pyhcf101f3_0
      - stack_data=0.6.3=pyhd8ed1ab_1
      - tabulate=0.9.0=pyhcf101f3_3
      - tblib=3.2.2=pyhcf101f3_0
      - tinycss2=1.5.1=pyhcf101f3_0
      - tomli=2.4.0=pyhcf101f3_0
      - toolz=1.1.0=pyhd8ed1ab_1
      - tqdm=4.67.1=pyhd8ed1ab_1
      - traitlets=5.14.3=pyhd8ed1ab_1
      - typing-extensions=4.15.0=h396c80c_0
      - typing_extensions=4.15.0=pyhcf101f3_0
      - typing_utils=0.1.0=pyhd8ed1ab_1
      - tzdata=2025c=hc9c84f9_1
      - uc-micro-py=1.0.3=pyhd8ed1ab_1
      - uri-template=1.3.0=pyhd8ed1ab_1
      - wcwidth=0.2.14=pyhd8ed1ab_0
      - webcolors=25.10.0=pyhd8ed1ab_0
      - webencodings=0.5.1=pyhd8ed1ab_3
      - websocket-client=1.9.0=pyhd8ed1ab_0
      - wheel=0.45.1=pyhd8ed1ab_1
      - widgetsnbextension=4.0.15=pyhd8ed1ab_0
      - xarray=2025.6.1=pyhd8ed1ab_1
      - xyzservices=2025.11.0=pyhd8ed1ab_0
      - zict=3.0.0=pyhd8ed1ab_1
      - zipp=3.23.0=pyhcf101f3_1
      unix:
      - ca-certificates=2026.1.4=hbd8a1cb_0
      - click=8.3.1=pyh8f84b5b_1
      - ipython=8.37.0=pyh8f84b5b_0
      - jupyter_core=5.9.1=pyhc90fa1f_0
      - pexpect=4.9.0=pyhd8ed1ab_1
      - ptyprocess=0.7.0=pyhd8ed1ab_1
      - pysocks=1.7.1=pyha55dd90_7
      - terminado=0.18.1=pyhc90fa1f_1
      osx:
      - _openmp_mutex=4.5=7_kmp_llvm
      - appnope=0.1.4=pyhd8ed1ab_1
      - ipykernel=7.1.0=pyh5552912_0
      - jsonschema-with-format-nongpl=4.26.0=hcf101f3_0
      - jsonschema=4.26.0=pyhcf101f3_0
      - send2trash=2.0.0=pyh5552912_0
      - urllib3=2.6.3=pyhd8ed1ab_0
      linux-64:
      - _libgcc_mutex=0.1=conda_forge
      - _openmp_mutex=4.5=2_gnu
      - argon2-cffi-bindings=21.2.0=py310h2372a71_4
      - aws-c-auth=0.7.22=hf36ad8f_6
      - aws-c-cal=0.6.15=h816f305_1
      - aws-c-common=0.9.23=h4ab18f5_0
      - aws-c-compression=0.2.18=he027950_7
      - aws-c-event-stream=0.4.2=hb72ac1a_14
      - aws-c-http=0.8.2=h75ac8c9_3
      - aws-c-io=0.14.9=hd3d3696_3
      - aws-c-mqtt=0.10.4=hb0abfc5_7
      - aws-c-s3=0.5.10=h44b787d_4
      - aws-c-sdkutils=0.1.16=he027950_3
      - aws-checksums=0.1.18=he027950_7
      - aws-crt-cpp=0.26.12=he940a02_1
      - aws-sdk-cpp=1.11.329=h0f5bab0_6
      - azure-core-cpp=1.12.0=h830ed8b_0
      - azure-identity-cpp=1.8.0=hdb0d106_1
      - azure-storage-blobs-cpp=12.11.0=ha67cba7_1
      - azure-storage-common-cpp=12.6.0=he3f277c_1
      - azure-storage-files-datalake-cpp=12.10.0=h29b5301_1
      - blosc=1.21.6=hef167b5_0
      - brotli-bin=1.1.0=hd590300_1
      - brotli-python=1.1.0=py310hc6cd4ac_1
      - brotli=1.1.0=hd590300_1
      - bzip2=1.0.8=hd590300_5
      - c-ares=1.32.0=h4ab18f5_0
      - cffi=1.16.0=py310h2fee648_0
      - cftime=1.6.4=py310h261611a_0
      - contourpy=1.2.1=py310hd41b1e2_0
      - cytoolz=0.12.3=py310h2372a71_0
      - debugpy=1.8.2=py310h76e45a6_0
      - fonttools=4.53.0=py310hc51659f_0
      - freetype=2.12.1=h267a509_2
      - gflags=2.2.2=he1b5a44_1004
      - glog=0.7.1=hbabe93e_0
      - greenlet=3.0.3=py310hc6cd4ac_0
      - hdf4=4.2.15=h2a13503_7
      - hdf5=1.14.3=nompi_hdf9ad27_105
      - icu=73.2=h59595ed_0
      - ipykernel=7.1.0=pyha191276_0
      - jsonschema-with-format-nongpl=4.25.1=he01879c_0
      - jsonschema=4.25.1=pyhe01879c_0
      - keyutils=1.6.1=h166bdaf_0
      - kiwisolver=1.4.5=py310hd41b1e2_1
      - krb5=1.21.3=h659f571_0
      - lcms2=2.16=hb7c19ff_0
      - ld_impl_linux-64=2.40=hf3520f5_7
      - lerc=4.0.0=h27087fc_0
      - libabseil=20240116.2=cxx17_h59595ed_0
      - libaec=1.1.3=h59595ed_0
      - libarrow-acero=16.1.0=hac33072_10_cpu
      - libarrow-dataset=16.1.0=hac33072_10_cpu
      - libarrow-substrait=16.1.0=h7e0c224_10_cpu
      - libarrow=16.1.0=h4a673ee_10_cpu
      - libblas=3.9.0=24_linux64_openblas
      - libbrotlicommon=1.1.0=hd590300_1
      - libbrotlidec=1.1.0=hd590300_1
      - libbrotlienc=1.1.0=hd590300_1
      - libcblas=3.9.0=24_linux64_openblas
      - libcrc32c=1.1.2=h9c3ff4c_0
      - libcurl=8.9.1=hdb1bdb2_0
      - libdeflate=1.20=hd590300_0
      - libedit=3.1.20191231=he28a2e2_2
      - libev=4.33=hd590300_2
      - libevent=2.1.12=hf998b51_1
      - libffi=3.4.2=h7f98852_5
      - libgcc-ng=14.2.0=h69a702a_1
      - libgcc=14.2.0=h77fa898_1
      - libgfortran-ng=14.2.0=h69a702a_1
      - libgfortran5=14.2.0=hd5240d6_1
      - libgfortran=14.2.0=h69a702a_1
      - libgomp=14.2.0=h77fa898_1
      - libgoogle-cloud-storage=2.25.0=h3d9a0c8_0
      - libgoogle-cloud=2.25.0=h2736e30_0
      - libgrpc=1.62.2=h15f2491_0
      - libiconv=1.17=hd590300_2
      - libjpeg-turbo=3.0.0=hd590300_1
      - liblapack=3.9.0=24_linux64_openblas
      - libllvm14=14.0.6=hcd5def8_4
      - libnetcdf=4.9.2=nompi_h135f659_114
      - libnghttp2=1.58.0=h47da74e_1
      - libnsl=2.0.1=hd590300_0
      - libopenblas=0.3.27=pthreads_hac2b453_1
      - libparquet=16.1.0=h6a7eafb_10_cpu
      - libpng=1.6.43=h2797004_0
      - libprotobuf=4.25.3=h08a7969_0
      - libre2-11=2023.09.01=h5a48ba9_2
      - libsodium=1.0.18=h36c2ea0_1
      - libsqlite=3.46.0=hde9e2c9_0
      - libssh2=1.11.0=h0841786_0
      - libstdcxx-ng=14.2.0=h4852527_1
      - libstdcxx=14.2.0=hc0a3c3a_1
      - libthrift=0.19.0=hb90f79a_1
      - libtiff=4.6.0=h1dd3fc0_3
      - libutf8proc=2.8.0=h166bdaf_0
      - libuuid=2.38.1=h0b41bf4_0
      - libwebp-base=1.4.0=hd590300_0
      - libxcb=1.16=hd590300_0
      - libxcrypt=4.4.36=hd590300_1
      - libxml2=2.12.7=hc051c1a_1
      - libzip=1.10.1=h2629f0a_3
      - libzlib=1.3.1=h4ab18f5_1
      - llvmlite=0.43.0=py310h4c7c693_0
      - lz4-c=1.9.4=hcb278e6_0
      - lz4=4.3.3=py310h350c4a5_0
      - markupsafe=2.1.5=py310h2372a71_0
      - matplotlib-base=3.9.1=py310h0b1de36_0
      - msgpack-python=1.0.8=py310h25c7140_0
      - ncurses=6.5=h59595ed_0
      - netcdf4=1.7.1=nompi_py310hf3005e6_101
      - numba=0.60.0=py310h5dc88bb_0
      - numpy=2.0.0=py310h515e003_0
      - openjpeg=2.5.2=h488ebb8_0
      - openssl=3.3.1=h4ab18f5_1
      - orc=2.0.1=h17fec99_1
      - pandas=2.2.2=py310hf9f9076_1
      - pandoc=3.8.3=ha770c72_0
      - pillow=10.4.0=py310hebfe307_0
      - portalocker=3.2.0=py310hff52083_1
      - psutil=6.0.0=py310hc51659f_0
      - pthread-stubs=0.4=h36c2ea0_1001
      - pyarrow-core=16.1.0=py310h46b3431_4_cpu
      - pyarrow=16.1.0=py310hb7f781d_4
      - python=3.10.14=hd12c33a_0_cpython
      - pyyaml=6.0.1=py310h2372a71_1
      - pyzmq=26.0.3=py310h6883aea_0
      - qhull=2020.2=h4bd325d_2
      - re2=2023.09.01=h7f4b329_2
      - readline=8.2=h8c095d6_2
      - rpds-py=0.18.1=py310he421c4c_0
      - s2n=1.4.16=he19d79f_0
      - scipy=1.14.0=py310h93e2701_1
      - send2trash=2.0.0=pyha191276_0
      - snappy=1.2.1=ha2e4443_0
      - sqlalchemy=2.0.31=py310hc51659f_0
      - tk=8.6.13=noxft_h4845f30_101
      - tornado=6.4.1=py310hc51659f_0
      - unicodedata2=15.1.0=py310h2372a71_0
      - urllib3=2.5.0=pyhd8ed1ab_0
      - xorg-libxau=1.0.11=hd590300_0
      - xorg-libxdmcp=1.1.3=h7f98852_0
      - xz=5.2.6=h166bdaf_0
      - yaml=0.2.5=h7f98852_2
      - zeromq=4.3.5=h75354e8_4
      - zlib=1.3.1=h4ab18f5_1
      - zstandard=0.22.0=py310hab88d88_1
      - zstd=1.5.6=ha6fb4c9_0
      osx-64:
      - argon2-cffi-bindings=25.1.0=py310hd2d5e8d_2
      - aws-c-auth=0.9.3=hdff831d_0
      - aws-c-cal=0.9.13=hea39f9f_1
      - aws-c-common=0.12.6=h8616949_0
      - aws-c-compression=0.3.1=h901532c_9
      - aws-c-event-stream=0.5.7=ha05da6a_1
      - aws-c-http=0.10.7=h924c446_5
      - aws-c-io=0.23.3=hf559bb5_5
      - aws-c-mqtt=0.13.3=ha72ff4e_11
      - aws-c-s3=0.11.3=he30762a_1
      - aws-c-sdkutils=0.2.4=h901532c_4
      - aws-checksums=0.2.7=h901532c_5
      - aws-crt-cpp=0.35.4=h7484968_0
      - aws-sdk-cpp=1.11.606=h386ebac_10
      - azure-core-cpp=1.16.1=he2a98a9_0
      - azure-identity-cpp=1.13.2=h0e8e1c8_1
      - azure-storage-blobs-cpp=12.15.0=h388f2e7_1
      - azure-storage-common-cpp=12.11.0=h56a711b_1
      - azure-storage-files-datalake-cpp=12.13.0=h1984e67_1
      - backports.zstd=1.3.0=py310hedc14a4_0
      - blosc=1.21.6=hd145fbb_1
      - brotli-bin=1.2.0=h8616949_1
      - brotli-python=1.2.0=py310hab27952_1
      - brotli=1.2.0=hf139dec_1
      - bzip2=1.0.8=h500dc9f_8
      - c-ares=1.34.6=hb5e19a0_0
      - cffi=2.0.0=py310h062c7ae_1
      - cftime=1.6.5=py310hf8253f3_0
      - contourpy=1.3.2=py310hf166250_0
      - cytoolz=1.1.0=py310hd2d5e8d_1
      - debugpy=1.8.19=py310haa24e46_0
      - fonttools=4.61.1=py310hd951482_0
      - freetype=2.14.1=h694c41f_0
      - gflags=2.2.2=hac325c4_1005
      - glog=0.7.1=h2790a97_0
      - greenlet=3.3.0=py310ha75780e_0
      - hdf4=4.2.15=h8138101_7
      - hdf5=1.14.6=nompi_hc1508a4_104
      - kiwisolver=1.4.9=py310h355fb9f_2
      - krb5=1.21.3=h37d8d59_0
      - lcms2=2.18=h90db99b_0
      - lerc=4.0.0=hcca01a6_1
      - libabseil=20250512.1=cxx17_hfc00f1c_0
      - libaec=1.1.4=ha6bc127_0
      - libarrow-acero=22.0.0=h2db2d7d_6_cpu
      - libarrow-compute=22.0.0=h7751554_6_cpu
      - libarrow-dataset=22.0.0=h2db2d7d_6_cpu
      - libarrow-substrait=22.0.0=h4653b8a_6_cpu
      - libarrow=22.0.0=h563529e_6_cpu
      - libblas=3.11.0=5_he492b99_openblas
      - libbrotlicommon=1.2.0=h8616949_1
      - libbrotlidec=1.2.0=h8616949_1
      - libbrotlienc=1.2.0=h8616949_1
      - libcblas=3.11.0=5_h9b27e0a_openblas
      - libcrc32c=1.1.2=he49afe7_0
      - libcurl=8.18.0=h9348e2b_0
      - libcxx=21.1.8=h3d58e20_0
      - libdeflate=1.25=h517ebb2_0
      - libedit=3.1.20250104=pl5321ha958ccf_0
      - libev=4.33=h10d778d_2
      - libevent=2.1.12=ha90c15b_1
      - libexpat=2.7.3=heffb93a_0
      - libffi=3.5.2=h750e83c_0
      - libfreetype6=2.14.1=h6912278_0
      - libfreetype=2.14.1=h694c41f_0
      - libgcc=15.2.0=h08519bb_15
      - libgfortran5=15.2.0=hd16e46c_15
      - libgfortran=15.2.0=h7e5c614_15
      - libgoogle-cloud-storage=2.39.0=h8ac052b_0
      - libgoogle-cloud=2.39.0=hed66dea_0
      - libgrpc=1.73.1=h451496d_1
      - libiconv=1.18=h57a12c2_2
      - libjpeg-turbo=3.1.2=h8616949_0
      - liblapack=3.11.0=5_h859234e_openblas
      - liblzma=5.8.1=hd471939_2
      - libnetcdf=4.9.3=nompi_habf9e57_103
      - libnghttp2=1.67.0=h3338091_0
      - libopenblas=0.3.30=openmp_h6006d49_4
      - libopentelemetry-cpp-headers=1.21.0=h694c41f_1
      - libopentelemetry-cpp=1.21.0=h7d3f41d_1
      - libparquet=22.0.0=habb56ca_6_cpu
      - libpng=1.6.53=h380d223_0
      - libprotobuf=6.31.1=hcc66ac3_4
      - libre2-11=2025.11.05=h554ac88_0
      - libsodium=1.0.20=hfdf4475_0
      - libsqlite=3.51.2=hb99441e_0
      - libssh2=1.11.1=hed3591d_0
      - libthrift=0.22.0=h687e942_1
      - libtiff=4.7.1=ha0a348c_1
      - libutf8proc=2.11.2=h7983711_0
      - libwebp-base=1.6.0=hb807250_0
      - libxcb=1.17.0=hf1f96e2_0
      - libxml2-16=2.15.1=hd57b93d_1
      - libxml2=2.15.1=h745d5cb_1
      - libzip=1.11.2=h31df5bb_0
      - libzlib=1.3.1=hd23fc13_2
      - llvm-openmp=21.1.8=h472b3d1_0
      - llvmlite=0.46.0=py310hd43b3a3_0
      - lz4-c=1.10.0=h240833e_1
      - lz4=4.4.5=py310h340f879_1
      - markupsafe=3.0.3=py310hd951482_0
      - matplotlib-base=3.10.8=py310h2102b89_0
      - msgpack-python=1.1.2=py310h8cf47bc_1
      - ncurses=6.5=h0622a9a_3
      - netcdf4=1.7.3=nompi_py310hf4c8fad_100
      - nlohmann_json=3.12.0=h53ec75d_1
      - numba=0.63.1=py310hce29faf_0
      - numpy=2.2.6=py310h07c5b4d_0
      - openjpeg=2.5.4=h87e8dc5_0
      - openssl=3.6.0=h230baf5_0
      - orc=2.2.1=hd1b02dc_0
      - pandas=2.3.3=py310h39ce848_1
      - pandoc=3.8.3=h694c41f_0
      - pillow=12.1.0=py310hef2b012_0
      - portalocker=3.2.0=py310h2ec42d9_1
      - prometheus-cpp=1.3.0=h7802330_0
      - psutil=7.2.1=py310h8bcfd8d_0
      - pthread-stubs=0.4=h00291cd_1002
      - pyarrow-core=22.0.0=py310hca48698_0_cpu
      - pyarrow=22.0.0=py310h2ec42d9_0
      - pyobjc-core=12.1=py310hccc919d_0
      - pyobjc-framework-cocoa=12.1=py310hb0d6316_0
      - python=3.10.19=h988dfef_2_cpython
      - pyyaml=6.0.3=py310hd951482_0
      - pyzmq=27.1.0=py310hbbd5e6a_0
      - qhull=2020.2=h3c5361c_5
      - re2=2025.11.05=h7df6414_0
      - readline=8.3=h68b038d_0
      - rpds-py=0.30.0=py310h64024f4_0
      - scipy=1.15.2=py310hef62574_0
      - snappy=1.2.2=h01f5ddf_1
      - sqlalchemy=2.0.45=py310hd2d5e8d_0
      - tk=8.6.13=hf689a15_3
      - tornado=6.5.4=py310h2513d93_0
      - unicodedata2=17.0.0=py310hd2d5e8d_1
      - xorg-libxau=1.0.12=h8616949_1
      - xorg-libxdmcp=1.1.5=h8616949_1
      - yaml=0.2.5=h4132b18_3
      - zeromq=4.3.5=h6c33b1e_9
      - zlib-ng=2.3.2=h8bce59a_1
      - zlib=1.3.1=hd23fc13_2
      - zstd=1.5.7=h3eecb57_6
      osx-arm64:
      - argon2-cffi-bindings=25.1.0=py310hfe3a0ae_2
      - aws-c-auth=0.9.3=h1ddaa69_0
      - aws-c-cal=0.9.13=h6ee9776_1
      - aws-c-common=0.12.6=hc919400_0
      - aws-c-compression=0.3.1=h16f91aa_9
      - aws-c-event-stream=0.5.7=h9ae9c55_1
      - aws-c-http=0.10.7=h5928ca5_5
      - aws-c-io=0.23.3=hbe03c90_5
      - aws-c-mqtt=0.13.3=haf5c5c8_11
      - aws-c-s3=0.11.3=h8da9771_1
      - aws-c-sdkutils=0.2.4=h16f91aa_4
      - aws-checksums=0.2.7=h16f91aa_5
      - aws-crt-cpp=0.35.4=h74951b9_0
      - aws-sdk-cpp=1.11.606=h4e1b0f7_10
      - azure-core-cpp=1.16.1=h88fedcc_0
      - azure-identity-cpp=1.13.2=h853621b_1
      - azure-storage-blobs-cpp=12.15.0=h10d327b_1
      - azure-storage-common-cpp=12.11.0=h7e4aa5d_1
      - azure-storage-files-datalake-cpp=12.13.0=hb288d13_1
      - backports.zstd=1.3.0=py310h2d60bed_0
      - blosc=1.21.6=h7dd00d9_1
      - brotli-bin=1.2.0=hc919400_1
      - brotli-python=1.2.0=py310h6123dab_1
      - brotli=1.2.0=h7d5ae5b_1
      - bzip2=1.0.8=hd037594_8
      - c-ares=1.34.6=hc919400_0
      - cffi=2.0.0=py310hf5b66c1_1
      - cftime=1.6.5=py310h1d5274f_0
      - contourpy=1.3.2=py310h7f4e7e6_0
      - cytoolz=1.1.0=py310hfe3a0ae_1
      - debugpy=1.8.19=py310h7b404bc_0
      - fonttools=4.61.1=py310hf4fd40f_0
      - freetype=2.14.1=hce30654_0
      - gflags=2.2.2=hf9b8971_1005
      - glog=0.7.1=heb240a5_0
      - greenlet=3.3.0=py310hc7786af_0
      - hdf4=4.2.15=h2ee6834_7
      - hdf5=1.14.6=nompi_hd3baa01_104
      - icu=78.2=h38cb7af_0
      - kiwisolver=1.4.9=py310h563d721_2
      - krb5=1.21.3=h237132a_0
      - lcms2=2.18=hdfa7624_0
      - lerc=4.0.0=hd64df32_1
      - libabseil=20250512.1=cxx17_hd41c47c_0
      - libaec=1.1.4=h51d1e36_0
      - libarrow-acero=22.0.0=hc317990_6_cpu
      - libarrow-compute=22.0.0=h75845d1_6_cpu
      - libarrow-dataset=22.0.0=hc317990_6_cpu
      - libarrow-substrait=22.0.0=h144af7f_6_cpu
      - libarrow=22.0.0=he6e817a_6_cpu
      - libblas=3.11.0=5_h51639a9_openblas
      - libbrotlicommon=1.2.0=hc919400_1
      - libbrotlidec=1.2.0=hc919400_1
      - libbrotlienc=1.2.0=hc919400_1
      - libcblas=3.11.0=5_hb0561ab_openblas
      - libcrc32c=1.1.2=hbdafb3b_0
      - libcurl=8.18.0=he38603e_0
      - libcxx=21.1.8=hf598326_0
      - libdeflate=1.25=hc11a715_0
      - libedit=3.1.20250104=pl5321hafb1f1b_0
      - libev=4.33=h93a5062_2
      - libevent=2.1.12=h2757513_1
      - libexpat=2.7.3=haf25636_0
      - libffi=3.5.2=he5f378a_0
      - libfreetype6=2.14.1=h6da58f4_0
      - libfreetype=2.14.1=hce30654_0
      - libgcc=15.2.0=hcbb3090_16
      - libgfortran5=15.2.0=hdae7583_16
      - libgfortran=15.2.0=h07b0088_16
      - libgoogle-cloud-storage=2.39.0=hfa3a374_0
      - libgoogle-cloud=2.39.0=head0a95_0
      - libgrpc=1.73.1=h3063b79_1
      - libiconv=1.18=h23cfdf5_2
      - libjpeg-turbo=3.1.2=hc919400_0
      - liblapack=3.11.0=5_hd9741b5_openblas
      - liblzma=5.8.1=h39f12f2_2
      - libnetcdf=4.9.3=nompi_h80c4520_103
      - libnghttp2=1.67.0=hc438710_0
      - libopenblas=0.3.30=openmp_ha158390_3
      - libopentelemetry-cpp-headers=1.21.0=hce30654_1
      - libopentelemetry-cpp=1.21.0=he15edb5_1
      - libparquet=22.0.0=h0ac143b_6_cpu
      - libpng=1.6.53=hfab5511_0
      - libprotobuf=6.31.1=h98f38fd_4
      - libre2-11=2025.11.05=h91c62da_0
      - libsodium=1.0.20=h99b78c6_0
      - libsqlite=3.51.2=h1ae2325_0
      - libssh2=1.11.1=h1590b86_0
      - libthrift=0.22.0=h14a376c_1
      - libtiff=4.7.1=h4030677_1
      - libutf8proc=2.11.2=hd2415e0_0
      - libwebp-base=1.6.0=h07db88b_0
      - libxcb=1.17.0=hdb1d25a_0
      - libxml2-16=2.15.1=h5ef1a60_1
      - libxml2=2.15.1=h8d039ee_1
      - libzip=1.11.2=h1336266_0
      - libzlib=1.3.1=h8359307_2
      - llvm-openmp=21.1.8=h4a912ad_0
      - llvmlite=0.46.0=py310h192be34_0
      - lz4-c=1.10.0=h286801f_1
      - lz4=4.4.5=py310h36fcd3f_1
      - markupsafe=3.0.3=py310hf4fd40f_0
      - matplotlib-base=3.10.8=py310h0181960_0
      - msgpack-python=1.1.2=py310h0e897d2_1
      - ncurses=6.5=h5e97a16_3
      - netcdf4=1.7.3=nompi_py310h368bd11_100
      - nlohmann_json=3.12.0=h248ca61_1
      - numba=0.63.1=py310h4f8eca6_0
      - numpy=2.2.6=py310h4d83441_0
      - openjpeg=2.5.4=hbfb3c88_0
      - openssl=3.6.0=h5503f6c_0
      - orc=2.2.1=h4fd0076_0
      - pandas=2.3.3=py310h25f4b65_1
      - pandoc=3.8.3=hce30654_0
      - pillow=12.1.0=py310hc037f36_0
      - portalocker=3.2.0=py310hbe9552e_1
      - prometheus-cpp=1.3.0=h0967b3e_0
      - psutil=7.2.1=py310haea493c_0
      - pthread-stubs=0.4=hd74edd7_1002
      - pyarrow-core=22.0.0=py310h6cc04f2_0_cpu
      - pyarrow=22.0.0=py310hb6292c7_0
      - pyobjc-core=12.1=py310h9d23ab5_0
      - pyobjc-framework-cocoa=12.1=py310h8579ff5_0
      - python=3.10.19=hcd7f573_2_cpython
      - pyyaml=6.0.3=py310hf4fd40f_0
      - pyzmq=27.1.0=py310hc4a7dca_0
      - qhull=2020.2=h420ef59_5
      - re2=2025.11.05=h64b956e_0
      - readline=8.3=h46df422_0
      - rpds-py=0.30.0=py310hf3301a5_0
      - scipy=1.15.2=py310h32ab4ed_0
      - snappy=1.2.2=hada39a4_1
      - sqlalchemy=2.0.45=py310hfe3a0ae_0
      - tk=8.6.13=h892fb3f_3
      - tornado=6.5.4=py310hfe3a0ae_0
      - unicodedata2=17.0.0=py310hfe3a0ae_1
      - xorg-libxau=1.0.12=hc919400_1
      - xorg-libxdmcp=1.1.5=hc919400_1
      - yaml=0.2.5=h925e9cb_3
      - zeromq=4.3.5=h888dc83_9
      - zlib-ng=2.3.2=hed4e4f5_1
      - zlib=1.3.1=h8359307_2
      - zstd=1.5.7=hbf9d68e_6
      win-64:
      - _openmp_mutex=4.5=2_gnu
      - argon2-cffi-bindings=25.1.0=py310h29418f3_2
      - aws-c-auth=0.9.3=h2970c50_0
      - aws-c-cal=0.9.13=h46f3b43_1
      - aws-c-common=0.12.6=hfd05255_0
      - aws-c-compression=0.3.1=hcb3a2da_9
      - aws-c-event-stream=0.5.7=ha388e84_1
      - aws-c-http=0.10.7=hc678f4a_5
      - aws-c-io=0.23.3=h0d5b9f9_5
      - aws-c-mqtt=0.13.3=hfa314fa_11
      - aws-c-s3=0.11.3=ha659bf3_1
      - aws-c-sdkutils=0.2.4=hcb3a2da_4
      - aws-checksums=0.2.7=hcb3a2da_5
      - aws-crt-cpp=0.35.4=hca034e6_0
      - aws-sdk-cpp=1.11.606=hac16450_10
      - backports.zstd=1.3.0=py310h458dff3_0
      - blosc=1.21.6=hfd34d9b_1
      - brotli-bin=1.2.0=hfd05255_1
      - brotli-python=1.2.0=py310hfff998d_1
      - brotli=1.2.0=h2d644bc_1
      - bzip2=1.0.8=h0ad9c76_8
      - c-ares=1.34.6=hfd05255_0
      - ca-certificates=2026.1.4=h4c7d964_0
      - cffi=2.0.0=py310h29418f3_1
      - cftime=1.6.5=py310h8f3aa81_0
      - click=8.3.1=pyha7b4d00_1
      - contourpy=1.3.2=py310hc19bc0b_0
      - cytoolz=1.1.0=py310h29418f3_1
      - debugpy=1.8.19=py310h699e580_0
      - fonttools=4.61.1=py310hdb0e946_0
      - freetype=2.14.1=h57928b3_0
      - greenlet=3.3.0=py310h73ae2b4_0
      - hdf4=4.2.15=h5557f11_7
      - hdf5=1.14.6=nompi_h89f0904_104
      - icu=78.2=h637d24d_0
      - ipykernel=7.1.0=pyh6dadd2b_0
      - ipython=8.37.0=pyha7b4d00_0
      - jsonschema-with-format-nongpl=4.26.0=hcf101f3_0
      - jsonschema=4.26.0=pyhcf101f3_0
      - jupyter_core=5.9.1=pyh6dadd2b_0
      - kiwisolver=1.4.9=py310h1e1005b_2
      - krb5=1.21.3=hdf4eb48_0
      - lcms2=2.18=hf2c6c5f_0
      - lerc=4.0.0=h6470a55_1
      - libabseil=20250512.1=cxx17_habfad5f_0
      - libaec=1.1.4=h20038f6_0
      - libarrow-acero=22.0.0=h7d8d6a5_6_cpu
      - libarrow-compute=22.0.0=h2db994a_6_cpu
      - libarrow-dataset=22.0.0=h7d8d6a5_6_cpu
      - libarrow-substrait=22.0.0=hf865cc0_6_cpu
      - libarrow=22.0.0=h89d7da9_6_cpu
      - libblas=3.11.0=5_hf2e6a31_mkl
      - libbrotlicommon=1.2.0=hfd05255_1
      - libbrotlidec=1.2.0=hfd05255_1
      - libbrotlienc=1.2.0=hfd05255_1
      - libcblas=3.11.0=5_h2a3cdd5_mkl
      - libcrc32c=1.1.2=h0e60522_0
      - libcurl=8.18.0=h43ecb02_0
      - libdeflate=1.25=h51727cc_0
      - libevent=2.1.12=h3671451_1
      - libexpat=2.7.3=hac47afa_0
      - libffi=3.5.2=h52bdfb6_0
      - libfreetype6=2.14.1=hdbac1cb_0
      - libfreetype=2.14.1=h57928b3_0
      - libgcc=15.2.0=h8ee18e1_16
      - libgomp=15.2.0=h8ee18e1_16
      - libgoogle-cloud-storage=2.39.0=he04ea4c_0
      - libgoogle-cloud=2.39.0=h19ee442_0
      - libgrpc=1.73.1=h317e13b_1
      - libhwloc=2.12.2=default_h4379cf1_1000
      - libiconv=1.18=hc1393d2_2
      - libjpeg-turbo=3.1.2=hfd05255_0
      - liblapack=3.11.0=5_hf9ab0e9_mkl
      - liblzma=5.8.1=h2466b09_2
      - libnetcdf=4.9.3=nompi_h7d90bef_103
      - libparquet=22.0.0=h7051d1f_6_cpu
      - libpng=1.6.53=h7351971_0
      - libprotobuf=6.31.1=hdcda5b4_4
      - libre2-11=2025.11.05=h0eb2380_0
      - libsodium=1.0.20=hc70643c_0
      - libsqlite=3.51.2=hf5d6505_0
      - libssh2=1.11.1=h9aa295b_0
      - libthrift=0.22.0=h23985f6_1
      - libtiff=4.7.1=h8f73337_1
      - libutf8proc=2.11.2=hb980946_0
      - libwebp-base=1.6.0=h4d5522a_0
      - libwinpthread=12.0.0.r4.gg4f2fc60ca=h57928b3_10
      - libxcb=1.17.0=h0e4246c_0
      - libxml2-16=2.15.1=h3cfd58e_1
      - libxml2=2.15.1=h779ef1b_1
      - libzip=1.11.2=h3135430_0
      - libzlib=1.3.1=h2466b09_2
      - llvm-openmp=21.1.8=h4fa8253_0
      - llvmlite=0.46.0=py310hfe4b161_0
      - lz4-c=1.10.0=h2466b09_1
      - lz4=4.4.5=py310hd705207_1
      - markupsafe=3.0.3=py310hdb0e946_0
      - matplotlib-base=3.10.8=py310h0bdd906_0
      - mkl=2025.3.0=hac47afa_455
      - msgpack-python=1.1.2=py310he9f1925_1
      - netcdf4=1.7.3=nompi_py310ha66b418_100
      - numba=0.63.1=py310h04bad52_0
      - numpy=2.2.6=py310h4987827_0
      - openjpeg=2.5.4=h24db6dd_0
      - openssl=3.6.0=h725018a_0
      - orc=2.2.1=h7414dfc_0
      - pandas=2.3.3=py310hed136d8_2
      - pandoc=3.8.3=h57928b3_0
      - pillow=12.1.0=py310h712baa7_0
      - portalocker=3.2.0=py310h5588dad_1
      - psutil=7.2.1=py310h1637853_0
      - pthread-stubs=0.4=h0e40799_1002
      - pyarrow-core=22.0.0=py310hb6ca4c2_0_cpu
      - pyarrow=22.0.0=py310h5588dad_0
      - pysocks=1.7.1=pyh09c184e_7
      - python=3.10.19=hc20f281_2_cpython
      - pywin32=311=py310h282bd7d_1
      - pywinpty=2.0.15=py310h9e98ed7_1
      - pyyaml=6.0.3=py310hdb0e946_0
      - pyzmq=27.1.0=py310h535538e_0
      - qhull=2020.2=hc790b64_5
      - re2=2025.11.05=ha104f34_0
      - rpds-py=0.30.0=py310h034784e_0
      - scipy=1.15.2=py310h15c175c_0
      - send2trash=2.0.0=pyh6dadd2b_0
      - snappy=1.2.2=h7fa0ca8_1
      - sqlalchemy=2.0.45=py310h29418f3_0
      - tbb=2022.3.0=h3155e25_2
      - terminado=0.18.1=pyh6dadd2b_1
      - tk=8.6.13=h2c6b04d_3
      - tornado=6.5.4=py310h29418f3_0
      - ucrt=10.0.26100.0=h57928b3_0
      - unicodedata2=17.0.0=py310h29418f3_1
      - urllib3=2.6.3=pyhd8ed1ab_0
      - vc14_runtime=14.44.35208=h818238b_34
      - vc=14.3=h41ae7f8_34
      - vcomp14=14.44.35208=h818238b_34
      - vs2015_runtime=14.44.35208=h38c0c73_34
      - win_inet_pton=1.1.0=pyh7428d3b_8
      - winpty=0.4.3=4
      - xorg-libxau=1.0.12=hba3369d_1
      - xorg-libxdmcp=1.1.5=hba3369d_1
      - yaml=0.2.5=h6a83c73_3
      - zeromq=4.3.5=h5bddc39_9
      - zlib-ng=2.3.2=h0261ad2_1
      - zlib=1.3.1=h2466b09_2
      - zstd=1.5.7=h534d264_6
